
Microsoft Visual Studio Solution File, Format Version 12.00
# Visual Studio Version 17
VisualStudioVersion = 17.6.33815.320
MinimumVisualStudioVersion = 10.0.40219.1
Project("{2150E333-8FDC-42A3-9474-1A3956D46DE8}") = "crs", "crs", "{61A54015-4C45-4042-BF94-1403B37F3AC5}"
EndProject
Project("{2150E333-8FDC-42A3-9474-1A3956D46DE8}") = "Services", "Services", "{519CE9D0-486C-4C81-9734-EE1CA29830DD}"
EndProject
Project("{2150E333-8FDC-42A3-9474-1A3956D46DE8}") = "Catalog", "Catalog", "{708EB78A-1D36-4F33-8171-3BC0ADF1C669}"
EndProject
Project("{2150E333-8FDC-42A3-9474-1A3956D46DE8}") = "Identity", "Identity", "{1B13E7AE-01B6-4092-9DD0-1D53F6906791}"
EndProject
Project("{9A19103F-16F7-4668-BE54-9A1E7A4F7556}") = "Catalog.App", "crs\Services\Catalog\Catalog.App\Catalog.App.csproj", "{5380B4F3-4FAE-4C0C-8461-853618825C34}"
EndProject
Project("{9A19103F-16F7-4668-BE54-9A1E7A4F7556}") = "Catalog.Application", "crs\Services\Catalog\Catalog.Application\Catalog.Application.csproj", "{4ADAAA9D-A5BB-4D04-B138-584D68C172AA}"
EndProject
Project("{9A19103F-16F7-4668-BE54-9A1E7A4F7556}") = "Catalog.Domain", "crs\Services\Catalog\Catalog.Domain\Catalog.Domain.csproj", "{2E27B7B6-6E54-4054-95A4-97A78A79C4A3}"
EndProject
Project("{9A19103F-16F7-4668-BE54-9A1E7A4F7556}") = "Catalog.Infrastructure", "crs\Services\Catalog\Catalog.Infrastructure\Catalog.Infrastructure.csproj", "{0D8E92E9-DFF8-4505-A007-98E0A2060FB0}"
EndProject
Project("{9A19103F-16F7-4668-BE54-9A1E7A4F7556}") = "Catalog.Persistence", "crs\Services\Catalog\Catalog.Persistence\Catalog.Persistence.csproj", "{FF0A795A-0D8D-4FE7-828C-A3C2F6318110}"
EndProject
Project("{9A19103F-16F7-4668-BE54-9A1E7A4F7556}") = "Catalog.Presentation", "crs\Services\Catalog\Catalog.Presentation\Catalog.Presentation.csproj", "{1169271A-FA73-47DF-B6E1-7D952E9EC466}"
EndProject
Project("{9A19103F-16F7-4668-BE54-9A1E7A4F7556}") = "Services.Common", "crs\Services\Services.Common\Services.Common.csproj", "{C8E7029E-9988-4F89-8FF0-C63A70627727}"
EndProject
Project("{9A19103F-16F7-4668-BE54-9A1E7A4F7556}") = "Identity.App", "crs\Services\Identity\Identity.App\Identity.App.csproj", "{D6212DB8-50F6-479D-84F7-01096B57DFE5}"
EndProject
Project("{9A19103F-16F7-4668-BE54-9A1E7A4F7556}") = "Identity.Application", "crs\Services\Identity\Identity.Application\Identity.Application.csproj", "{056599D2-4BC8-474D-AAF7-1F9F41F09453}"
EndProject
Project("{9A19103F-16F7-4668-BE54-9A1E7A4F7556}") = "Identity.Domain", "crs\Services\Identity\Identity.Domain\Identity.Domain.csproj", "{8954D765-DFEC-4D6B-9019-168BB8F93CA6}"
EndProject
Project("{9A19103F-16F7-4668-BE54-9A1E7A4F7556}") = "Identity.Infrastructure", "crs\Services\Identity\Identity.Infrastructure\Identity.Infrastructure.csproj", "{C5A703F9-28D2-49EE-B59D-D651EBB487A0}"
EndProject
Project("{9A19103F-16F7-4668-BE54-9A1E7A4F7556}") = "Identity.Persistence", "crs\Services\Identity\Identity.Persistence\Identity.Persistence.csproj", "{7B5FBEDE-B8EB-4CF7-9279-FD8F9DD5789D}"
EndProject
Project("{9A19103F-16F7-4668-BE54-9A1E7A4F7556}") = "Identity.Presentation", "crs\Services\Identity\Identity.Presentation\Identity.Presentation.csproj", "{8D190D8B-BD7E-40F8-AD91-F88248BA1DDC}"
EndProject
Project("{2150E333-8FDC-42A3-9474-1A3956D46DE8}") = "tests", "tests", "{D3EB1F4E-981B-48F5-9188-840B8E6EA96A}"
EndProject
Project("{9A19103F-16F7-4668-BE54-9A1E7A4F7556}") = "Catalog.UnitTests", "crs\tests\Catalog.UnitTests\Catalog.UnitTests.csproj", "{1C56E720-02D1-4BC7-89D5-3C8B02F1EC0B}"
EndProject
Project("{9A19103F-16F7-4668-BE54-9A1E7A4F7556}") = "Identity.UnitTests", "crs\tests\Identity.UnitTests\Identity.UnitTests.csproj", "{FB887B00-A0B1-4732-8A5A-87025E1B9230}"
EndProject
Project("{2150E333-8FDC-42A3-9474-1A3956D46DE8}") = "Gateways", "Gateways", "{0F29920F-274A-45DC-82E3-7D8F0D188C3D}"
EndProject
Project("{2150E333-8FDC-42A3-9474-1A3956D46DE8}") = "Email", "Email", "{7CFB86E0-426D-4822-A84E-D2BC5987D187}"
EndProject
Project("{9A19103F-16F7-4668-BE54-9A1E7A4F7556}") = "Email.App", "crs\Services\Email\Email.App\Email.App.csproj", "{31126E3D-4F91-4304-AEED-1F2AE850EBF7}"
EndProject
Project("{9A19103F-16F7-4668-BE54-9A1E7A4F7556}") = "Gateways.Web", "crs\Services\Gateways\Gateways.Web\Gateways.Web.csproj", "{CDDB8C8E-C803-4C03-85B1-B3F7E5CE3D72}"
EndProject
Project("{2150E333-8FDC-42A3-9474-1A3956D46DE8}") = "Monitoring", "Monitoring", "{E24CF804-7271-424C-8811-4FAF31543EB8}"
EndProject
Project("{9A19103F-16F7-4668-BE54-9A1E7A4F7556}") = "Monitoring.App", "crs\Services\Monitoring\Monitoring.App\Monitoring.App.csproj", "{EEBFC87D-65B4-4159-A59A-4AD2E03DFFF4}"
EndProject
Project("{2150E333-8FDC-42A3-9474-1A3956D46DE8}") = "Basket", "Basket", "{9DF0F008-D19B-4AB9-848F-9C2CB7B759CC}"
EndProject
Project("{FAE04EC0-301F-11D3-BF4B-00C04F79EFBC}") = "Identity.IntegrationEvents", "crs\Services\Identity\Identity.IntegrationEvents\Identity.IntegrationEvents.csproj", "{196754B3-11B6-44EC-AE6D-8D1C6A8B12EA}"
EndProject
Project("{E53339B2-1760-4266-BCC7-CA923CBCF16C}") = "docker-compose", "crs\Docker\docker-compose.dcproj", "{52E57D84-A856-4990-B11C-E22E8B5E288C}"
EndProject
Global
	GlobalSection(SolutionConfigurationPlatforms) = preSolution
		Debug|Any CPU = Debug|Any CPU
		Release|Any CPU = Release|Any CPU
	EndGlobalSection
	GlobalSection(ProjectConfigurationPlatforms) = postSolution
		{5380B4F3-4FAE-4C0C-8461-853618825C34}.Debug|Any CPU.ActiveCfg = Debug|Any CPU
		{5380B4F3-4FAE-4C0C-8461-853618825C34}.Debug|Any CPU.Build.0 = Debug|Any CPU
		{5380B4F3-4FAE-4C0C-8461-853618825C34}.Release|Any CPU.ActiveCfg = Release|Any CPU
		{5380B4F3-4FAE-4C0C-8461-853618825C34}.Release|Any CPU.Build.0 = Release|Any CPU
		{4ADAAA9D-A5BB-4D04-B138-584D68C172AA}.Debug|Any CPU.ActiveCfg = Debug|Any CPU
		{4ADAAA9D-A5BB-4D04-B138-584D68C172AA}.Debug|Any CPU.Build.0 = Debug|Any CPU
		{4ADAAA9D-A5BB-4D04-B138-584D68C172AA}.Release|Any CPU.ActiveCfg = Release|Any CPU
		{4ADAAA9D-A5BB-4D04-B138-584D68C172AA}.Release|Any CPU.Build.0 = Release|Any CPU
		{2E27B7B6-6E54-4054-95A4-97A78A79C4A3}.Debug|Any CPU.ActiveCfg = Debug|Any CPU
		{2E27B7B6-6E54-4054-95A4-97A78A79C4A3}.Debug|Any CPU.Build.0 = Debug|Any CPU
		{2E27B7B6-6E54-4054-95A4-97A78A79C4A3}.Release|Any CPU.ActiveCfg = Release|Any CPU
		{2E27B7B6-6E54-4054-95A4-97A78A79C4A3}.Release|Any CPU.Build.0 = Release|Any CPU
		{0D8E92E9-DFF8-4505-A007-98E0A2060FB0}.Debug|Any CPU.ActiveCfg = Debug|Any CPU
		{0D8E92E9-DFF8-4505-A007-98E0A2060FB0}.Debug|Any CPU.Build.0 = Debug|Any CPU
		{0D8E92E9-DFF8-4505-A007-98E0A2060FB0}.Release|Any CPU.ActiveCfg = Release|Any CPU
		{0D8E92E9-DFF8-4505-A007-98E0A2060FB0}.Release|Any CPU.Build.0 = Release|Any CPU
		{FF0A795A-0D8D-4FE7-828C-A3C2F6318110}.Debug|Any CPU.ActiveCfg = Debug|Any CPU
		{FF0A795A-0D8D-4FE7-828C-A3C2F6318110}.Debug|Any CPU.Build.0 = Debug|Any CPU
		{FF0A795A-0D8D-4FE7-828C-A3C2F6318110}.Release|Any CPU.ActiveCfg = Release|Any CPU
		{FF0A795A-0D8D-4FE7-828C-A3C2F6318110}.Release|Any CPU.Build.0 = Release|Any CPU
		{1169271A-FA73-47DF-B6E1-7D952E9EC466}.Debug|Any CPU.ActiveCfg = Debug|Any CPU
		{1169271A-FA73-47DF-B6E1-7D952E9EC466}.Debug|Any CPU.Build.0 = Debug|Any CPU
		{1169271A-FA73-47DF-B6E1-7D952E9EC466}.Release|Any CPU.ActiveCfg = Release|Any CPU
		{1169271A-FA73-47DF-B6E1-7D952E9EC466}.Release|Any CPU.Build.0 = Release|Any CPU
		{C8E7029E-9988-4F89-8FF0-C63A70627727}.Debug|Any CPU.ActiveCfg = Debug|Any CPU
		{C8E7029E-9988-4F89-8FF0-C63A70627727}.Debug|Any CPU.Build.0 = Debug|Any CPU
		{C8E7029E-9988-4F89-8FF0-C63A70627727}.Release|Any CPU.ActiveCfg = Release|Any CPU
		{C8E7029E-9988-4F89-8FF0-C63A70627727}.Release|Any CPU.Build.0 = Release|Any CPU
		{D6212DB8-50F6-479D-84F7-01096B57DFE5}.Debug|Any CPU.ActiveCfg = Debug|Any CPU
		{D6212DB8-50F6-479D-84F7-01096B57DFE5}.Debug|Any CPU.Build.0 = Debug|Any CPU
		{D6212DB8-50F6-479D-84F7-01096B57DFE5}.Release|Any CPU.ActiveCfg = Release|Any CPU
		{D6212DB8-50F6-479D-84F7-01096B57DFE5}.Release|Any CPU.Build.0 = Release|Any CPU
		{056599D2-4BC8-474D-AAF7-1F9F41F09453}.Debug|Any CPU.ActiveCfg = Debug|Any CPU
		{056599D2-4BC8-474D-AAF7-1F9F41F09453}.Debug|Any CPU.Build.0 = Debug|Any CPU
		{056599D2-4BC8-474D-AAF7-1F9F41F09453}.Release|Any CPU.ActiveCfg = Release|Any CPU
		{056599D2-4BC8-474D-AAF7-1F9F41F09453}.Release|Any CPU.Build.0 = Release|Any CPU
		{8954D765-DFEC-4D6B-9019-168BB8F93CA6}.Debug|Any CPU.ActiveCfg = Debug|Any CPU
		{8954D765-DFEC-4D6B-9019-168BB8F93CA6}.Debug|Any CPU.Build.0 = Debug|Any CPU
		{8954D765-DFEC-4D6B-9019-168BB8F93CA6}.Release|Any CPU.ActiveCfg = Release|Any CPU
		{8954D765-DFEC-4D6B-9019-168BB8F93CA6}.Release|Any CPU.Build.0 = Release|Any CPU
		{C5A703F9-28D2-49EE-B59D-D651EBB487A0}.Debug|Any CPU.ActiveCfg = Debug|Any CPU
		{C5A703F9-28D2-49EE-B59D-D651EBB487A0}.Debug|Any CPU.Build.0 = Debug|Any CPU
		{C5A703F9-28D2-49EE-B59D-D651EBB487A0}.Release|Any CPU.ActiveCfg = Release|Any CPU
		{C5A703F9-28D2-49EE-B59D-D651EBB487A0}.Release|Any CPU.Build.0 = Release|Any CPU
		{7B5FBEDE-B8EB-4CF7-9279-FD8F9DD5789D}.Debug|Any CPU.ActiveCfg = Debug|Any CPU
		{7B5FBEDE-B8EB-4CF7-9279-FD8F9DD5789D}.Debug|Any CPU.Build.0 = Debug|Any CPU
		{7B5FBEDE-B8EB-4CF7-9279-FD8F9DD5789D}.Release|Any CPU.ActiveCfg = Release|Any CPU
		{7B5FBEDE-B8EB-4CF7-9279-FD8F9DD5789D}.Release|Any CPU.Build.0 = Release|Any CPU
		{8D190D8B-BD7E-40F8-AD91-F88248BA1DDC}.Debug|Any CPU.ActiveCfg = Debug|Any CPU
		{8D190D8B-BD7E-40F8-AD91-F88248BA1DDC}.Debug|Any CPU.Build.0 = Debug|Any CPU
		{8D190D8B-BD7E-40F8-AD91-F88248BA1DDC}.Release|Any CPU.ActiveCfg = Release|Any CPU
		{8D190D8B-BD7E-40F8-AD91-F88248BA1DDC}.Release|Any CPU.Build.0 = Release|Any CPU
		{1C56E720-02D1-4BC7-89D5-3C8B02F1EC0B}.Debug|Any CPU.ActiveCfg = Debug|Any CPU
		{1C56E720-02D1-4BC7-89D5-3C8B02F1EC0B}.Debug|Any CPU.Build.0 = Debug|Any CPU
		{1C56E720-02D1-4BC7-89D5-3C8B02F1EC0B}.Release|Any CPU.ActiveCfg = Release|Any CPU
		{1C56E720-02D1-4BC7-89D5-3C8B02F1EC0B}.Release|Any CPU.Build.0 = Release|Any CPU
		{FB887B00-A0B1-4732-8A5A-87025E1B9230}.Debug|Any CPU.ActiveCfg = Debug|Any CPU
		{FB887B00-A0B1-4732-8A5A-87025E1B9230}.Debug|Any CPU.Build.0 = Debug|Any CPU
		{FB887B00-A0B1-4732-8A5A-87025E1B9230}.Release|Any CPU.ActiveCfg = Release|Any CPU
		{FB887B00-A0B1-4732-8A5A-87025E1B9230}.Release|Any CPU.Build.0 = Release|Any CPU
		{31126E3D-4F91-4304-AEED-1F2AE850EBF7}.Debug|Any CPU.ActiveCfg = Debug|Any CPU
		{31126E3D-4F91-4304-AEED-1F2AE850EBF7}.Debug|Any CPU.Build.0 = Debug|Any CPU
		{31126E3D-4F91-4304-AEED-1F2AE850EBF7}.Release|Any CPU.ActiveCfg = Release|Any CPU
		{31126E3D-4F91-4304-AEED-1F2AE850EBF7}.Release|Any CPU.Build.0 = Release|Any CPU
		{CDDB8C8E-C803-4C03-85B1-B3F7E5CE3D72}.Debug|Any CPU.ActiveCfg = Debug|Any CPU
		{CDDB8C8E-C803-4C03-85B1-B3F7E5CE3D72}.Debug|Any CPU.Build.0 = Debug|Any CPU
		{CDDB8C8E-C803-4C03-85B1-B3F7E5CE3D72}.Release|Any CPU.ActiveCfg = Release|Any CPU
		{CDDB8C8E-C803-4C03-85B1-B3F7E5CE3D72}.Release|Any CPU.Build.0 = Release|Any CPU
		{EEBFC87D-65B4-4159-A59A-4AD2E03DFFF4}.Debug|Any CPU.ActiveCfg = Debug|Any CPU
		{EEBFC87D-65B4-4159-A59A-4AD2E03DFFF4}.Debug|Any CPU.Build.0 = Debug|Any CPU
		{EEBFC87D-65B4-4159-A59A-4AD2E03DFFF4}.Release|Any CPU.ActiveCfg = Release|Any CPU
		{EEBFC87D-65B4-4159-A59A-4AD2E03DFFF4}.Release|Any CPU.Build.0 = Release|Any CPU
		{196754B3-11B6-44EC-AE6D-8D1C6A8B12EA}.Debug|Any CPU.ActiveCfg = Debug|Any CPU
		{196754B3-11B6-44EC-AE6D-8D1C6A8B12EA}.Debug|Any CPU.Build.0 = Debug|Any CPU
		{196754B3-11B6-44EC-AE6D-8D1C6A8B12EA}.Release|Any CPU.ActiveCfg = Release|Any CPU
		{196754B3-11B6-44EC-AE6D-8D1C6A8B12EA}.Release|Any CPU.Build.0 = Release|Any CPU
		{52E57D84-A856-4990-B11C-E22E8B5E288C}.Debug|Any CPU.ActiveCfg = Debug|Any CPU
		{52E57D84-A856-4990-B11C-E22E8B5E288C}.Debug|Any CPU.Build.0 = Debug|Any CPU
		{52E57D84-A856-4990-B11C-E22E8B5E288C}.Release|Any CPU.ActiveCfg = Release|Any CPU
		{52E57D84-A856-4990-B11C-E22E8B5E288C}.Release|Any CPU.Build.0 = Release|Any CPU
	EndGlobalSection
	GlobalSection(SolutionProperties) = preSolution
		HideSolutionNode = FALSE
	EndGlobalSection
	GlobalSection(NestedProjects) = preSolution
		{519CE9D0-486C-4C81-9734-EE1CA29830DD} = {61A54015-4C45-4042-BF94-1403B37F3AC5}
		{708EB78A-1D36-4F33-8171-3BC0ADF1C669} = {519CE9D0-486C-4C81-9734-EE1CA29830DD}
		{1B13E7AE-01B6-4092-9DD0-1D53F6906791} = {519CE9D0-486C-4C81-9734-EE1CA29830DD}
		{5380B4F3-4FAE-4C0C-8461-853618825C34} = {708EB78A-1D36-4F33-8171-3BC0ADF1C669}
		{4ADAAA9D-A5BB-4D04-B138-584D68C172AA} = {708EB78A-1D36-4F33-8171-3BC0ADF1C669}
		{2E27B7B6-6E54-4054-95A4-97A78A79C4A3} = {708EB78A-1D36-4F33-8171-3BC0ADF1C669}
		{0D8E92E9-DFF8-4505-A007-98E0A2060FB0} = {708EB78A-1D36-4F33-8171-3BC0ADF1C669}
		{FF0A795A-0D8D-4FE7-828C-A3C2F6318110} = {708EB78A-1D36-4F33-8171-3BC0ADF1C669}
		{1169271A-FA73-47DF-B6E1-7D952E9EC466} = {708EB78A-1D36-4F33-8171-3BC0ADF1C669}
		{C8E7029E-9988-4F89-8FF0-C63A70627727} = {519CE9D0-486C-4C81-9734-EE1CA29830DD}
		{D6212DB8-50F6-479D-84F7-01096B57DFE5} = {1B13E7AE-01B6-4092-9DD0-1D53F6906791}
		{056599D2-4BC8-474D-AAF7-1F9F41F09453} = {1B13E7AE-01B6-4092-9DD0-1D53F6906791}
		{8954D765-DFEC-4D6B-9019-168BB8F93CA6} = {1B13E7AE-01B6-4092-9DD0-1D53F6906791}
		{C5A703F9-28D2-49EE-B59D-D651EBB487A0} = {1B13E7AE-01B6-4092-9DD0-1D53F6906791}
		{7B5FBEDE-B8EB-4CF7-9279-FD8F9DD5789D} = {1B13E7AE-01B6-4092-9DD0-1D53F6906791}
		{8D190D8B-BD7E-40F8-AD91-F88248BA1DDC} = {1B13E7AE-01B6-4092-9DD0-1D53F6906791}
		{D3EB1F4E-981B-48F5-9188-840B8E6EA96A} = {61A54015-4C45-4042-BF94-1403B37F3AC5}
		{1C56E720-02D1-4BC7-89D5-3C8B02F1EC0B} = {D3EB1F4E-981B-48F5-9188-840B8E6EA96A}
		{FB887B00-A0B1-4732-8A5A-87025E1B9230} = {D3EB1F4E-981B-48F5-9188-840B8E6EA96A}
		{0F29920F-274A-45DC-82E3-7D8F0D188C3D} = {519CE9D0-486C-4C81-9734-EE1CA29830DD}
		{7CFB86E0-426D-4822-A84E-D2BC5987D187} = {519CE9D0-486C-4C81-9734-EE1CA29830DD}
		{31126E3D-4F91-4304-AEED-1F2AE850EBF7} = {7CFB86E0-426D-4822-A84E-D2BC5987D187}
		{CDDB8C8E-C803-4C03-85B1-B3F7E5CE3D72} = {0F29920F-274A-45DC-82E3-7D8F0D188C3D}
		{E24CF804-7271-424C-8811-4FAF31543EB8} = {519CE9D0-486C-4C81-9734-EE1CA29830DD}
		{EEBFC87D-65B4-4159-A59A-4AD2E03DFFF4} = {E24CF804-7271-424C-8811-4FAF31543EB8}
		{9DF0F008-D19B-4AB9-848F-9C2CB7B759CC} = {519CE9D0-486C-4C81-9734-EE1CA29830DD}
		{196754B3-11B6-44EC-AE6D-8D1C6A8B12EA} = {1B13E7AE-01B6-4092-9DD0-1D53F6906791}
	EndGlobalSection
	GlobalSection(ExtensibilityGlobals) = postSolution
		SolutionGuid = {383EFC19-58A6-4418-98E0-23BD0341BA42}
	EndGlobalSection
EndGlobal
