
Microsoft Visual Studio Solution File, Format Version 12.00
# Visual Studio Version 17
VisualStudioVersion = 17.6.33815.320
MinimumVisualStudioVersion = 10.0.40219.1
Project("{2150E333-8FDC-42A3-9474-1A3956D46DE8}") = "crs", "crs", "{61A54015-4C45-4042-BF94-1403B37F3AC5}"
EndProject
Project("{2150E333-8FDC-42A3-9474-1A3956D46DE8}") = "Services", "Services", "{519CE9D0-486C-4C81-9734-EE1CA29830DD}"
EndProject
Project("{2150E333-8FDC-42A3-9474-1A3956D46DE8}") = "Catalog", "Catalog", "{708EB78A-1D36-4F33-8171-3BC0ADF1C669}"
EndProject
Project("{2150E333-8FDC-42A3-9474-1A3956D46DE8}") = "Identity", "Identity", "{1B13E7AE-01B6-4092-9DD0-1D53F6906791}"
EndProject
Project("{9A19103F-16F7-4668-BE54-9A1E7A4F7556}") = "Catalog.App", "crs\Services\Catalog\Catalog.App\Catalog.App.csproj", "{5380B4F3-4FAE-4C0C-8461-853618825C34}"
EndProject
Project("{9A19103F-16F7-4668-BE54-9A1E7A4F7556}") = "Catalog.Application", "crs\Services\Catalog\Catalog.Application\Catalog.Application.csproj", "{4ADAAA9D-A5BB-4D04-B138-584D68C172AA}"
EndProject
Project("{9A19103F-16F7-4668-BE54-9A1E7A4F7556}") = "Catalog.Domain", "crs\Services\Catalog\Catalog.Domain\Catalog.Domain.csproj", "{2E27B7B6-6E54-4054-95A4-97A78A79C4A3}"
EndProject
Project("{9A19103F-16F7-4668-BE54-9A1E7A4F7556}") = "Catalog.Infrastructure", "crs\Services\Catalog\Catalog.Infrastructure\Catalog.Infrastructure.csproj", "{0D8E92E9-DFF8-4505-A007-98E0A2060FB0}"
EndProject
Project("{9A19103F-16F7-4668-BE54-9A1E7A4F7556}") = "Catalog.Persistence", "crs\Services\Catalog\Catalog.Persistence\Catalog.Persistence.csproj", "{FF0A795A-0D8D-4FE7-828C-A3C2F6318110}"
EndProject
Project("{9A19103F-16F7-4668-BE54-9A1E7A4F7556}") = "Catalog.Presentation", "crs\Services\Catalog\Catalog.Presentation\Catalog.Presentation.csproj", "{1169271A-FA73-47DF-B6E1-7D952E9EC466}"
EndProject
Project("{9A19103F-16F7-4668-BE54-9A1E7A4F7556}") = "Catalog.UnitTests", "crs\Services\Catalog\Catalog.UnitTests\Catalog.UnitTests.csproj", "{B2A8F4FD-92AF-4CB2-90E2-768D540F407F}"
EndProject
Project("{9A19103F-16F7-4668-BE54-9A1E7A4F7556}") = "Services.Common", "crs\Services\Services.Common\Services.Common.csproj", "{C8E7029E-9988-4F89-8FF0-C63A70627727}"
EndProject
Project("{E53339B2-1760-4266-BCC7-CA923CBCF16C}") = "docker-compose", "crs\docker-compose.dcproj", "{52E57D84-A856-4990-B11C-E22E8B5E288C}"
EndProject
Project("{9A19103F-16F7-4668-BE54-9A1E7A4F7556}") = "Identity.App", "crs\Services\Identity\Identity.App\Identity.App.csproj", "{D6212DB8-50F6-479D-84F7-01096B57DFE5}"
EndProject
Project("{9A19103F-16F7-4668-BE54-9A1E7A4F7556}") = "Identity.Application", "crs\Services\Identity\Identity.Application\Identity.Application.csproj", "{056599D2-4BC8-474D-AAF7-1F9F41F09453}"
EndProject
Project("{9A19103F-16F7-4668-BE54-9A1E7A4F7556}") = "Identity.Domain", "crs\Services\Identity\Identity.Domain\Identity.Domain.csproj", "{8954D765-DFEC-4D6B-9019-168BB8F93CA6}"
EndProject
Project("{9A19103F-16F7-4668-BE54-9A1E7A4F7556}") = "Identity.Infrastructure", "crs\Services\Identity\Identity.Infrastructure\Identity.Infrastructure.csproj", "{C5A703F9-28D2-49EE-B59D-D651EBB487A0}"
EndProject
Project("{9A19103F-16F7-4668-BE54-9A1E7A4F7556}") = "Identity.Persistence", "crs\Services\Identity\Identity.Persistence\Identity.Persistence.csproj", "{7B5FBEDE-B8EB-4CF7-9279-FD8F9DD5789D}"
EndProject
Project("{FAE04EC0-301F-11D3-BF4B-00C04F79EFBC}") = "Identity.Presentation", "Identity.Presentation\Identity.Presentation.csproj", "{CFCE2305-7CBA-45D5-B683-4CC54C7F0758}"
EndProject
Global
	GlobalSection(SolutionConfigurationPlatforms) = preSolution
		Debug|Any CPU = Debug|Any CPU
		Release|Any CPU = Release|Any CPU
	EndGlobalSection
	GlobalSection(ProjectConfigurationPlatforms) = postSolution
		{5380B4F3-4FAE-4C0C-8461-853618825C34}.Debug|Any CPU.ActiveCfg = Debug|Any CPU
		{5380B4F3-4FAE-4C0C-8461-853618825C34}.Debug|Any CPU.Build.0 = Debug|Any CPU
		{5380B4F3-4FAE-4C0C-8461-853618825C34}.Release|Any CPU.ActiveCfg = Release|Any CPU
		{5380B4F3-4FAE-4C0C-8461-853618825C34}.Release|Any CPU.Build.0 = Release|Any CPU
		{4ADAAA9D-A5BB-4D04-B138-584D68C172AA}.Debug|Any CPU.ActiveCfg = Debug|Any CPU
		{4ADAAA9D-A5BB-4D04-B138-584D68C172AA}.Debug|Any CPU.Build.0 = Debug|Any CPU
		{4ADAAA9D-A5BB-4D04-B138-584D68C172AA}.Release|Any CPU.ActiveCfg = Release|Any CPU
		{4ADAAA9D-A5BB-4D04-B138-584D68C172AA}.Release|Any CPU.Build.0 = Release|Any CPU
		{2E27B7B6-6E54-4054-95A4-97A78A79C4A3}.Debug|Any CPU.ActiveCfg = Debug|Any CPU
		{2E27B7B6-6E54-4054-95A4-97A78A79C4A3}.Debug|Any CPU.Build.0 = Debug|Any CPU
		{2E27B7B6-6E54-4054-95A4-97A78A79C4A3}.Release|Any CPU.ActiveCfg = Release|Any CPU
		{2E27B7B6-6E54-4054-95A4-97A78A79C4A3}.Release|Any CPU.Build.0 = Release|Any CPU
		{0D8E92E9-DFF8-4505-A007-98E0A2060FB0}.Debug|Any CPU.ActiveCfg = Debug|Any CPU
		{0D8E92E9-DFF8-4505-A007-98E0A2060FB0}.Debug|Any CPU.Build.0 = Debug|Any CPU
		{0D8E92E9-DFF8-4505-A007-98E0A2060FB0}.Release|Any CPU.ActiveCfg = Release|Any CPU
		{0D8E92E9-DFF8-4505-A007-98E0A2060FB0}.Release|Any CPU.Build.0 = Release|Any CPU
		{FF0A795A-0D8D-4FE7-828C-A3C2F6318110}.Debug|Any CPU.ActiveCfg = Debug|Any CPU
		{FF0A795A-0D8D-4FE7-828C-A3C2F6318110}.Debug|Any CPU.Build.0 = Debug|Any CPU
		{FF0A795A-0D8D-4FE7-828C-A3C2F6318110}.Release|Any CPU.ActiveCfg = Release|Any CPU
		{FF0A795A-0D8D-4FE7-828C-A3C2F6318110}.Release|Any CPU.Build.0 = Release|Any CPU
		{1169271A-FA73-47DF-B6E1-7D952E9EC466}.Debug|Any CPU.ActiveCfg = Debug|Any CPU
		{1169271A-FA73-47DF-B6E1-7D952E9EC466}.Debug|Any CPU.Build.0 = Debug|Any CPU
		{1169271A-FA73-47DF-B6E1-7D952E9EC466}.Release|Any CPU.ActiveCfg = Release|Any CPU
		{1169271A-FA73-47DF-B6E1-7D952E9EC466}.Release|Any CPU.Build.0 = Release|Any CPU
		{B2A8F4FD-92AF-4CB2-90E2-768D540F407F}.Debug|Any CPU.ActiveCfg = Debug|Any CPU
		{B2A8F4FD-92AF-4CB2-90E2-768D540F407F}.Debug|Any CPU.Build.0 = Debug|Any CPU
		{B2A8F4FD-92AF-4CB2-90E2-768D540F407F}.Release|Any CPU.ActiveCfg = Release|Any CPU
		{B2A8F4FD-92AF-4CB2-90E2-768D540F407F}.Release|Any CPU.Build.0 = Release|Any CPU
		{C8E7029E-9988-4F89-8FF0-C63A70627727}.Debug|Any CPU.ActiveCfg = Debug|Any CPU
		{C8E7029E-9988-4F89-8FF0-C63A70627727}.Debug|Any CPU.Build.0 = Debug|Any CPU
		{C8E7029E-9988-4F89-8FF0-C63A70627727}.Release|Any CPU.ActiveCfg = Release|Any CPU
		{C8E7029E-9988-4F89-8FF0-C63A70627727}.Release|Any CPU.Build.0 = Release|Any CPU
		{52E57D84-A856-4990-B11C-E22E8B5E288C}.Debug|Any CPU.ActiveCfg = Debug|Any CPU
		{52E57D84-A856-4990-B11C-E22E8B5E288C}.Debug|Any CPU.Build.0 = Debug|Any CPU
		{52E57D84-A856-4990-B11C-E22E8B5E288C}.Release|Any CPU.ActiveCfg = Release|Any CPU
		{52E57D84-A856-4990-B11C-E22E8B5E288C}.Release|Any CPU.Build.0 = Release|Any CPU
		{D6212DB8-50F6-479D-84F7-01096B57DFE5}.Debug|Any CPU.ActiveCfg = Debug|Any CPU
		{D6212DB8-50F6-479D-84F7-01096B57DFE5}.Debug|Any CPU.Build.0 = Debug|Any CPU
		{D6212DB8-50F6-479D-84F7-01096B57DFE5}.Release|Any CPU.ActiveCfg = Release|Any CPU
		{D6212DB8-50F6-479D-84F7-01096B57DFE5}.Release|Any CPU.Build.0 = Release|Any CPU
		{056599D2-4BC8-474D-AAF7-1F9F41F09453}.Debug|Any CPU.ActiveCfg = Debug|Any CPU
		{056599D2-4BC8-474D-AAF7-1F9F41F09453}.Debug|Any CPU.Build.0 = Debug|Any CPU
		{056599D2-4BC8-474D-AAF7-1F9F41F09453}.Release|Any CPU.ActiveCfg = Release|Any CPU
		{056599D2-4BC8-474D-AAF7-1F9F41F09453}.Release|Any CPU.Build.0 = Release|Any CPU
		{8954D765-DFEC-4D6B-9019-168BB8F93CA6}.Debug|Any CPU.ActiveCfg = Debug|Any CPU
		{8954D765-DFEC-4D6B-9019-168BB8F93CA6}.Debug|Any CPU.Build.0 = Debug|Any CPU
		{8954D765-DFEC-4D6B-9019-168BB8F93CA6}.Release|Any CPU.ActiveCfg = Release|Any CPU
		{8954D765-DFEC-4D6B-9019-168BB8F93CA6}.Release|Any CPU.Build.0 = Release|Any CPU
		{C5A703F9-28D2-49EE-B59D-D651EBB487A0}.Debug|Any CPU.ActiveCfg = Debug|Any CPU
		{C5A703F9-28D2-49EE-B59D-D651EBB487A0}.Debug|Any CPU.Build.0 = Debug|Any CPU
		{C5A703F9-28D2-49EE-B59D-D651EBB487A0}.Release|Any CPU.ActiveCfg = Release|Any CPU
		{C5A703F9-28D2-49EE-B59D-D651EBB487A0}.Release|Any CPU.Build.0 = Release|Any CPU
		{7B5FBEDE-B8EB-4CF7-9279-FD8F9DD5789D}.Debug|Any CPU.ActiveCfg = Debug|Any CPU
		{7B5FBEDE-B8EB-4CF7-9279-FD8F9DD5789D}.Debug|Any CPU.Build.0 = Debug|Any CPU
		{7B5FBEDE-B8EB-4CF7-9279-FD8F9DD5789D}.Release|Any CPU.ActiveCfg = Release|Any CPU
		{7B5FBEDE-B8EB-4CF7-9279-FD8F9DD5789D}.Release|Any CPU.Build.0 = Release|Any CPU
		{CFCE2305-7CBA-45D5-B683-4CC54C7F0758}.Debug|Any CPU.ActiveCfg = Debug|Any CPU
		{CFCE2305-7CBA-45D5-B683-4CC54C7F0758}.Debug|Any CPU.Build.0 = Debug|Any CPU
		{CFCE2305-7CBA-45D5-B683-4CC54C7F0758}.Release|Any CPU.ActiveCfg = Release|Any CPU
		{CFCE2305-7CBA-45D5-B683-4CC54C7F0758}.Release|Any CPU.Build.0 = Release|Any CPU
	EndGlobalSection
	GlobalSection(SolutionProperties) = preSolution
		HideSolutionNode = FALSE
	EndGlobalSection
	GlobalSection(NestedProjects) = preSolution
		{519CE9D0-486C-4C81-9734-EE1CA29830DD} = {61A54015-4C45-4042-BF94-1403B37F3AC5}
		{708EB78A-1D36-4F33-8171-3BC0ADF1C669} = {519CE9D0-486C-4C81-9734-EE1CA29830DD}
		{1B13E7AE-01B6-4092-9DD0-1D53F6906791} = {519CE9D0-486C-4C81-9734-EE1CA29830DD}
		{5380B4F3-4FAE-4C0C-8461-853618825C34} = {708EB78A-1D36-4F33-8171-3BC0ADF1C669}
		{4ADAAA9D-A5BB-4D04-B138-584D68C172AA} = {708EB78A-1D36-4F33-8171-3BC0ADF1C669}
		{2E27B7B6-6E54-4054-95A4-97A78A79C4A3} = {708EB78A-1D36-4F33-8171-3BC0ADF1C669}
		{0D8E92E9-DFF8-4505-A007-98E0A2060FB0} = {708EB78A-1D36-4F33-8171-3BC0ADF1C669}
		{FF0A795A-0D8D-4FE7-828C-A3C2F6318110} = {708EB78A-1D36-4F33-8171-3BC0ADF1C669}
		{1169271A-FA73-47DF-B6E1-7D952E9EC466} = {708EB78A-1D36-4F33-8171-3BC0ADF1C669}
		{B2A8F4FD-92AF-4CB2-90E2-768D540F407F} = {708EB78A-1D36-4F33-8171-3BC0ADF1C669}
		{C8E7029E-9988-4F89-8FF0-C63A70627727} = {519CE9D0-486C-4C81-9734-EE1CA29830DD}
		{52E57D84-A856-4990-B11C-E22E8B5E288C} = {61A54015-4C45-4042-BF94-1403B37F3AC5}
		{D6212DB8-50F6-479D-84F7-01096B57DFE5} = {1B13E7AE-01B6-4092-9DD0-1D53F6906791}
		{056599D2-4BC8-474D-AAF7-1F9F41F09453} = {1B13E7AE-01B6-4092-9DD0-1D53F6906791}
		{8954D765-DFEC-4D6B-9019-168BB8F93CA6} = {1B13E7AE-01B6-4092-9DD0-1D53F6906791}
		{C5A703F9-28D2-49EE-B59D-D651EBB487A0} = {1B13E7AE-01B6-4092-9DD0-1D53F6906791}
		{7B5FBEDE-B8EB-4CF7-9279-FD8F9DD5789D} = {1B13E7AE-01B6-4092-9DD0-1D53F6906791}
		{CFCE2305-7CBA-45D5-B683-4CC54C7F0758} = {1B13E7AE-01B6-4092-9DD0-1D53F6906791}
	EndGlobalSection
	GlobalSection(ExtensibilityGlobals) = postSolution
		SolutionGuid = {383EFC19-58A6-4418-98E0-23BD0341BA42}
	EndGlobalSection
EndGlobal
