
Microsoft Visual Studio Solution File, Format Version 12.00
# Visual Studio Version 17
VisualStudioVersion = 17.6.33815.320
MinimumVisualStudioVersion = 10.0.40219.1
Project("{2150E333-8FDC-42A3-9474-1A3956D46DE8}") = "crs", "crs", "{61A54015-4C45-4042-BF94-1403B37F3AC5}"
EndProject
Project("{2150E333-8FDC-42A3-9474-1A3956D46DE8}") = "Services", "Services", "{519CE9D0-486C-4C81-9734-EE1CA29830DD}"
EndProject
Project("{9A19103F-16F7-4668-BE54-9A1E7A4F7556}") = "Services.Common", "Services.Common\Services.Common.csproj", "{68CF7E04-4731-42C2-B704-3B0A6BCE01DA}"
EndProject
Project("{2150E333-8FDC-42A3-9474-1A3956D46DE8}") = "Catalog", "Catalog", "{708EB78A-1D36-4F33-8171-3BC0ADF1C669}"
EndProject
Project("{9A19103F-16F7-4668-BE54-9A1E7A4F7556}") = "Catalog.Persistence", "Catalog.Persistence\Catalog.Persistence.csproj", "{34D7A021-B984-4C72-8D7A-5944E37E940E}"
EndProject
Project("{9A19103F-16F7-4668-BE54-9A1E7A4F7556}") = "Catalog.Domain", "Catalog.Domain\Catalog.Domain.csproj", "{AFBB1F29-8299-4C7E-87DE-20459AD48D15}"
EndProject
Project("{9A19103F-16F7-4668-BE54-9A1E7A4F7556}") = "Catalog.Application", "Catalog.Application\Catalog.Application.csproj", "{6651E469-F1A4-40CC-8B93-91BA12068C1E}"
EndProject
Project("{9A19103F-16F7-4668-BE54-9A1E7A4F7556}") = "Catalog.Infrastructure", "Catalog.Infrastructure\Catalog.Infrastructure.csproj", "{DEDC79EB-C31E-445E-9527-F12A23B3BB86}"
EndProject
Project("{9A19103F-16F7-4668-BE54-9A1E7A4F7556}") = "Catalog.UnitTests", "Catalog.UnitTests\Catalog.UnitTests.csproj", "{170F0B43-56F5-4533-8D8D-A271113FBF48}"
EndProject
Project("{2150E333-8FDC-42A3-9474-1A3956D46DE8}") = "Identity", "Identity", "{1B13E7AE-01B6-4092-9DD0-1D53F6906791}"
EndProject
Project("{9A19103F-16F7-4668-BE54-9A1E7A4F7556}") = "Catalog.App", "Catalog.App\Catalog.App.csproj", "{9DDEB4F2-345A-4E3F-945B-AD1DBF6BB34E}"
EndProject
Project("{E53339B2-1760-4266-BCC7-CA923CBCF16C}") = "docker-compose", "docker-compose.dcproj", "{52E57D84-A856-4990-B11C-E22E8B5E288C}"
EndProject
Project("{9A19103F-16F7-4668-BE54-9A1E7A4F7556}") = "Catalog.Presentation", "Catalog.Presentation\Catalog.Presentation.csproj", "{7285F00C-F269-469D-AFAA-54B78376497F}"
EndProject
Global
	GlobalSection(SolutionConfigurationPlatforms) = preSolution
		Debug|Any CPU = Debug|Any CPU
		Release|Any CPU = Release|Any CPU
	EndGlobalSection
	GlobalSection(ProjectConfigurationPlatforms) = postSolution
		{68CF7E04-4731-42C2-B704-3B0A6BCE01DA}.Debug|Any CPU.ActiveCfg = Debug|Any CPU
		{68CF7E04-4731-42C2-B704-3B0A6BCE01DA}.Debug|Any CPU.Build.0 = Debug|Any CPU
		{68CF7E04-4731-42C2-B704-3B0A6BCE01DA}.Release|Any CPU.ActiveCfg = Release|Any CPU
		{68CF7E04-4731-42C2-B704-3B0A6BCE01DA}.Release|Any CPU.Build.0 = Release|Any CPU
		{34D7A021-B984-4C72-8D7A-5944E37E940E}.Debug|Any CPU.ActiveCfg = Debug|Any CPU
		{34D7A021-B984-4C72-8D7A-5944E37E940E}.Debug|Any CPU.Build.0 = Debug|Any CPU
		{34D7A021-B984-4C72-8D7A-5944E37E940E}.Release|Any CPU.ActiveCfg = Release|Any CPU
		{34D7A021-B984-4C72-8D7A-5944E37E940E}.Release|Any CPU.Build.0 = Release|Any CPU
		{AFBB1F29-8299-4C7E-87DE-20459AD48D15}.Debug|Any CPU.ActiveCfg = Debug|Any CPU
		{AFBB1F29-8299-4C7E-87DE-20459AD48D15}.Debug|Any CPU.Build.0 = Debug|Any CPU
		{AFBB1F29-8299-4C7E-87DE-20459AD48D15}.Release|Any CPU.ActiveCfg = Release|Any CPU
		{AFBB1F29-8299-4C7E-87DE-20459AD48D15}.Release|Any CPU.Build.0 = Release|Any CPU
		{6651E469-F1A4-40CC-8B93-91BA12068C1E}.Debug|Any CPU.ActiveCfg = Debug|Any CPU
		{6651E469-F1A4-40CC-8B93-91BA12068C1E}.Debug|Any CPU.Build.0 = Debug|Any CPU
		{6651E469-F1A4-40CC-8B93-91BA12068C1E}.Release|Any CPU.ActiveCfg = Release|Any CPU
		{6651E469-F1A4-40CC-8B93-91BA12068C1E}.Release|Any CPU.Build.0 = Release|Any CPU
		{DEDC79EB-C31E-445E-9527-F12A23B3BB86}.Debug|Any CPU.ActiveCfg = Debug|Any CPU
		{DEDC79EB-C31E-445E-9527-F12A23B3BB86}.Debug|Any CPU.Build.0 = Debug|Any CPU
		{DEDC79EB-C31E-445E-9527-F12A23B3BB86}.Release|Any CPU.ActiveCfg = Release|Any CPU
		{DEDC79EB-C31E-445E-9527-F12A23B3BB86}.Release|Any CPU.Build.0 = Release|Any CPU
		{170F0B43-56F5-4533-8D8D-A271113FBF48}.Debug|Any CPU.ActiveCfg = Debug|Any CPU
		{170F0B43-56F5-4533-8D8D-A271113FBF48}.Debug|Any CPU.Build.0 = Debug|Any CPU
		{170F0B43-56F5-4533-8D8D-A271113FBF48}.Release|Any CPU.ActiveCfg = Release|Any CPU
		{170F0B43-56F5-4533-8D8D-A271113FBF48}.Release|Any CPU.Build.0 = Release|Any CPU
		{9DDEB4F2-345A-4E3F-945B-AD1DBF6BB34E}.Debug|Any CPU.ActiveCfg = Debug|Any CPU
		{9DDEB4F2-345A-4E3F-945B-AD1DBF6BB34E}.Debug|Any CPU.Build.0 = Debug|Any CPU
		{9DDEB4F2-345A-4E3F-945B-AD1DBF6BB34E}.Release|Any CPU.ActiveCfg = Release|Any CPU
		{9DDEB4F2-345A-4E3F-945B-AD1DBF6BB34E}.Release|Any CPU.Build.0 = Release|Any CPU
		{52E57D84-A856-4990-B11C-E22E8B5E288C}.Debug|Any CPU.ActiveCfg = Debug|Any CPU
		{52E57D84-A856-4990-B11C-E22E8B5E288C}.Debug|Any CPU.Build.0 = Debug|Any CPU
		{52E57D84-A856-4990-B11C-E22E8B5E288C}.Release|Any CPU.ActiveCfg = Release|Any CPU
		{52E57D84-A856-4990-B11C-E22E8B5E288C}.Release|Any CPU.Build.0 = Release|Any CPU
		{7285F00C-F269-469D-AFAA-54B78376497F}.Debug|Any CPU.ActiveCfg = Debug|Any CPU
		{7285F00C-F269-469D-AFAA-54B78376497F}.Debug|Any CPU.Build.0 = Debug|Any CPU
		{7285F00C-F269-469D-AFAA-54B78376497F}.Release|Any CPU.ActiveCfg = Release|Any CPU
		{7285F00C-F269-469D-AFAA-54B78376497F}.Release|Any CPU.Build.0 = Release|Any CPU
	EndGlobalSection
	GlobalSection(SolutionProperties) = preSolution
		HideSolutionNode = FALSE
	EndGlobalSection
	GlobalSection(NestedProjects) = preSolution
		{519CE9D0-486C-4C81-9734-EE1CA29830DD} = {61A54015-4C45-4042-BF94-1403B37F3AC5}
		{68CF7E04-4731-42C2-B704-3B0A6BCE01DA} = {519CE9D0-486C-4C81-9734-EE1CA29830DD}
		{708EB78A-1D36-4F33-8171-3BC0ADF1C669} = {519CE9D0-486C-4C81-9734-EE1CA29830DD}
		{34D7A021-B984-4C72-8D7A-5944E37E940E} = {708EB78A-1D36-4F33-8171-3BC0ADF1C669}
		{AFBB1F29-8299-4C7E-87DE-20459AD48D15} = {708EB78A-1D36-4F33-8171-3BC0ADF1C669}
		{6651E469-F1A4-40CC-8B93-91BA12068C1E} = {708EB78A-1D36-4F33-8171-3BC0ADF1C669}
		{DEDC79EB-C31E-445E-9527-F12A23B3BB86} = {708EB78A-1D36-4F33-8171-3BC0ADF1C669}
		{170F0B43-56F5-4533-8D8D-A271113FBF48} = {708EB78A-1D36-4F33-8171-3BC0ADF1C669}
		{1B13E7AE-01B6-4092-9DD0-1D53F6906791} = {519CE9D0-486C-4C81-9734-EE1CA29830DD}
		{9DDEB4F2-345A-4E3F-945B-AD1DBF6BB34E} = {708EB78A-1D36-4F33-8171-3BC0ADF1C669}
		{7285F00C-F269-469D-AFAA-54B78376497F} = {708EB78A-1D36-4F33-8171-3BC0ADF1C669}
	EndGlobalSection
	GlobalSection(ExtensibilityGlobals) = postSolution
		SolutionGuid = {383EFC19-58A6-4418-98E0-23BD0341BA42}
	EndGlobalSection
EndGlobal
