
Microsoft Visual Studio Solution File, Format Version 12.00
# Visual Studio Version 17
VisualStudioVersion = 17.8.34330.188
MinimumVisualStudioVersion = 10.0.40219.1
Project("{FAE04EC0-301F-11D3-BF4B-00C04F79EFBC}") = "ConsoleApp1", "ConsoleApp1\ConsoleApp1.csproj", "{501A5120-FA84-4546-926D-DE3D24283D23}"
EndProject
Global
	GlobalSection(SolutionConfigurationPlatforms) = preSolution
		Debug|Any CPU = Debug|Any CPU
		Release|Any CPU = Release|Any CPU
	EndGlobalSection
	GlobalSection(ProjectConfigurationPlatforms) = postSolution
		{501A5120-FA84-4546-926D-DE3D24283D23}.Debug|Any CPU.ActiveCfg = Debug|Any CPU
		{501A5120-FA84-4546-926D-DE3D24283D23}.Debug|Any CPU.Build.0 = Debug|Any CPU
		{501A5120-FA84-4546-926D-DE3D24283D23}.Release|Any CPU.ActiveCfg = Release|Any CPU
		{501A5120-FA84-4546-926D-DE3D24283D23}.Release|Any CPU.Build.0 = Release|Any CPU
	EndGlobalSection
	GlobalSection(SolutionProperties) = preSolution
		HideSolutionNode = FALSE
	EndGlobalSection
	GlobalSection(ExtensibilityGlobals) = postSolution
		SolutionGuid = {93C82A31-BB27-4A71-AB90-3127581CAD04}
	EndGlobalSection
EndGlobal
